
Microsoft Visual Studio Solution File, Format Version 12.00
# Visual Studio Version 17
VisualStudioVersion = 17.7.34202.233
MinimumVisualStudioVersion = 10.0.40219.1
Project("{FAE04EC0-301F-11D3-BF4B-00C04F79EFBC}") = "productComputer", "productComputer\productComputer.csproj", "{F6F09922-BD1A-42E2-80D8-9F1903A0A75B}"
EndProject
Global
	GlobalSection(SolutionConfigurationPlatforms) = preSolution
		Debug|Any CPU = Debug|Any CPU
		Release|Any CPU = Release|Any CPU
	EndGlobalSection
	GlobalSection(ProjectConfigurationPlatforms) = postSolution
		{F6F09922-BD1A-42E2-80D8-9F1903A0A75B}.Debug|Any CPU.ActiveCfg = Debug|Any CPU
		{F6F09922-BD1A-42E2-80D8-9F1903A0A75B}.Debug|Any CPU.Build.0 = Debug|Any CPU
		{F6F09922-BD1A-42E2-80D8-9F1903A0A75B}.Release|Any CPU.ActiveCfg = Release|Any CPU
		{F6F09922-BD1A-42E2-80D8-9F1903A0A75B}.Release|Any CPU.Build.0 = Release|Any CPU
	EndGlobalSection
	GlobalSection(SolutionProperties) = preSolution
		HideSolutionNode = FALSE
	EndGlobalSection
	GlobalSection(ExtensibilityGlobals) = postSolution
		SolutionGuid = {AE066AFD-14FF-4DF3-8504-9EC7D58F328A}
	EndGlobalSection
EndGlobal
